# This file is generated by running "yarn install" inside your project.
# Manual changes might be lost - proceed with caution!

__metadata:
  version: 6
  cacheKey: 8

"@types/node@npm:^22.13.4":
  version: 22.19.11
  resolution: "@types/node@npm:22.19.11"
  dependencies:
    undici-types: ~6.21.0
  checksum: b64703389fa4648a8ac7bce44902dbef9a4c46b91cce1e951d01d6df23dbb0579c3d765f0d00e9053425e21ed9a30890668506ec0bae98c5c29cc978d45ced1f
  languageName: node
  linkType: hard

"cobaia-app@workspace:app":
  version: 0.0.0-use.local
  resolution: "cobaia-app@workspace:app"
  dependencies:
    "@types/node": ^22.13.4
    typescript: ^5.8.2
  languageName: unknown
  linkType: soft

"cobaia@workspace:.":
  version: 0.0.0-use.local
  resolution: "cobaia@workspace:."
  languageName: unknown
  linkType: soft

"typescript@npm:^5.8.2":
  version: 5.9.3
  resolution: "typescript@npm:5.9.3"
  bin:
    tsc: bin/tsc
    tsserver: bin/tsserver
  checksum: 0d0ffb84f2cd072c3e164c79a2e5a1a1f4f168e84cb2882ff8967b92afe1def6c2a91f6838fb58b168428f9458c57a2ba06a6737711fdd87a256bbe83e9a217f
  languageName: node
  linkType: hard

"typescript@patch:typescript@^5.8.2#~builtin<compat/typescript>":
  version: 5.9.3
  resolution: "typescript@patch:typescript@npm%3A5.9.3#~builtin<compat/typescript>::version=5.9.3&hash=77c9e2"
  bin:
    tsc: bin/tsc
    tsserver: bin/tsserver
  checksum: 8bb8d86819ac86a498eada254cad7fb69c5f74778506c700c2a712daeaff21d3a6f51fd0d534fe16903cb010d1b74f89437a3d02d4d0ff5ca2ba9a4660de8497
  languageName: node
  linkType: hard

"undici-types@npm:~6.21.0":
  version: 6.21.0
  resolution: "undici-types@npm:6.21.0"
  checksum: 46331c7d6016bf85b3e8f20c159d62f5ae471aba1eb3dc52fff35a0259d58dcc7d592d4cc4f00c5f9243fa738a11cfa48bd20203040d4a9e6bc25e807fab7ab3
  languageName: node
  linkType: hard
